
Microsoft Visual Studio Solution File, Format Version 12.00
# Visual Studio Version 17
VisualStudioVersion = 17.8.34322.80
MinimumVisualStudioVersion = 10.0.40219.1
Project("{9A19103F-16F7-4668-BE54-9A1E7A4F7556}") = "Weather", "Weather\Weather.csproj", "{00F6273F-10C1-4C6E-9063-64C394F1150B}"
EndProject
Project("{FAE04EC0-301F-11D3-BF4B-00C04F79EFBC}") = "Weather.Tests", "Weather.Tests\Weather.Tests.csproj", "{AC45D07D-D083-4D2E-A432-1781AEFDB183}"
EndProject
Global
	GlobalSection(SolutionConfigurationPlatforms) = preSolution
		Debug|Any CPU = Debug|Any CPU
		Release|Any CPU = Release|Any CPU
	EndGlobalSection
	GlobalSection(ProjectConfigurationPlatforms) = postSolution
		{00F6273F-10C1-4C6E-9063-64C394F1150B}.Debug|Any CPU.ActiveCfg = Debug|Any CPU
		{00F6273F-10C1-4C6E-9063-64C394F1150B}.Debug|Any CPU.Build.0 = Debug|Any CPU
		{00F6273F-10C1-4C6E-9063-64C394F1150B}.Release|Any CPU.ActiveCfg = Release|Any CPU
		{00F6273F-10C1-4C6E-9063-64C394F1150B}.Release|Any CPU.Build.0 = Release|Any CPU
		{AC45D07D-D083-4D2E-A432-1781AEFDB183}.Debug|Any CPU.ActiveCfg = Debug|Any CPU
		{AC45D07D-D083-4D2E-A432-1781AEFDB183}.Debug|Any CPU.Build.0 = Debug|Any CPU
		{AC45D07D-D083-4D2E-A432-1781AEFDB183}.Release|Any CPU.ActiveCfg = Release|Any CPU
		{AC45D07D-D083-4D2E-A432-1781AEFDB183}.Release|Any CPU.Build.0 = Release|Any CPU
	EndGlobalSection
	GlobalSection(SolutionProperties) = preSolution
		HideSolutionNode = FALSE
	EndGlobalSection
	GlobalSection(ExtensibilityGlobals) = postSolution
		SolutionGuid = {676E3099-1868-4800-8ADD-D2AB7841D94E}
	EndGlobalSection
EndGlobal
